
Microsoft Visual Studio Solution File, Format Version 12.00
# Visual Studio 15
VisualStudioVersion = 15.0.27703.2026
MinimumVisualStudioVersion = 10.0.40219.1
Project("{9A19103F-16F7-4668-BE54-9A1E7A4F7556}") = "DZzzz.OpenAPI.Generator", "DZzzz.OpenAPI.Generator\DZzzz.OpenAPI.Generator.csproj", "{11ACAFBE-2BCE-493B-9937-D1C9A5D83B06}"
EndProject
Project("{9A19103F-16F7-4668-BE54-9A1E7A4F7556}") = "DZzzz.OpenAPI.Core", "DZzzz.OpenAPI.Core\DZzzz.OpenAPI.Core.csproj", "{F89473F7-DB62-4D73-8214-57A651F5434A}"
EndProject
Project("{9A19103F-16F7-4668-BE54-9A1E7A4F7556}") = "DZzzz.OpenAPI.Infrastructure", "DZzzz.OpenAPI.Infrastructure\DZzzz.OpenAPI.Infrastructure.csproj", "{189E7C99-3715-442C-871B-15EC463664A9}"
EndProject
Project("{2150E333-8FDC-42A3-9474-1A3956D46DE8}") = "Application", "Application", "{257D987B-9C83-4FD8-BD2B-4EFEB74F1FA1}"
EndProject
Project("{9A19103F-16F7-4668-BE54-9A1E7A4F7556}") = "DZzzz.OpenAPI.Version12", "DZzzz.OpenAPI.Version12\DZzzz.OpenAPI.Version12.csproj", "{A58E2EF3-E1D6-4947-947C-21E9E73E68A2}"
EndProject
Project("{2150E333-8FDC-42A3-9474-1A3956D46DE8}") = "Versions", "Versions", "{B5A74DC6-B007-43F8-A770-845F6F313939}"
EndProject
Project("{2150E333-8FDC-42A3-9474-1A3956D46DE8}") = "CodeGeneration", "CodeGeneration", "{37B5EA64-3BE9-478A-9F38-ADDB6FE6F29F}"
EndProject
Project("{9A19103F-16F7-4668-BE54-9A1E7A4F7556}") = "DZzzz.OpenAPI.CodeGeneration.CSharp", "DZzzz.OpenAPI.CodeGeneration.CSharp\DZzzz.OpenAPI.CodeGeneration.CSharp.csproj", "{A1822D07-FF39-4E2C-A805-A6C30F9FFF4D}"
EndProject
Project("{2150E333-8FDC-42A3-9474-1A3956D46DE8}") = "Clients", "Clients", "{B99A3207-5DCF-4922-AA0D-D2A1A45CA5EE}"
EndProject
Global
	GlobalSection(SolutionConfigurationPlatforms) = preSolution
		Debug|Any CPU = Debug|Any CPU
		Release|Any CPU = Release|Any CPU
	EndGlobalSection
	GlobalSection(ProjectConfigurationPlatforms) = postSolution
		{11ACAFBE-2BCE-493B-9937-D1C9A5D83B06}.Debug|Any CPU.ActiveCfg = Debug|Any CPU
		{11ACAFBE-2BCE-493B-9937-D1C9A5D83B06}.Debug|Any CPU.Build.0 = Debug|Any CPU
		{11ACAFBE-2BCE-493B-9937-D1C9A5D83B06}.Release|Any CPU.ActiveCfg = Release|Any CPU
		{11ACAFBE-2BCE-493B-9937-D1C9A5D83B06}.Release|Any CPU.Build.0 = Release|Any CPU
		{F89473F7-DB62-4D73-8214-57A651F5434A}.Debug|Any CPU.ActiveCfg = Debug|Any CPU
		{F89473F7-DB62-4D73-8214-57A651F5434A}.Debug|Any CPU.Build.0 = Debug|Any CPU
		{F89473F7-DB62-4D73-8214-57A651F5434A}.Release|Any CPU.ActiveCfg = Release|Any CPU
		{F89473F7-DB62-4D73-8214-57A651F5434A}.Release|Any CPU.Build.0 = Release|Any CPU
		{189E7C99-3715-442C-871B-15EC463664A9}.Debug|Any CPU.ActiveCfg = Debug|Any CPU
		{189E7C99-3715-442C-871B-15EC463664A9}.Debug|Any CPU.Build.0 = Debug|Any CPU
		{189E7C99-3715-442C-871B-15EC463664A9}.Release|Any CPU.ActiveCfg = Release|Any CPU
		{189E7C99-3715-442C-871B-15EC463664A9}.Release|Any CPU.Build.0 = Release|Any CPU
		{A58E2EF3-E1D6-4947-947C-21E9E73E68A2}.Debug|Any CPU.ActiveCfg = Debug|Any CPU
		{A58E2EF3-E1D6-4947-947C-21E9E73E68A2}.Debug|Any CPU.Build.0 = Debug|Any CPU
		{A58E2EF3-E1D6-4947-947C-21E9E73E68A2}.Release|Any CPU.ActiveCfg = Release|Any CPU
		{A58E2EF3-E1D6-4947-947C-21E9E73E68A2}.Release|Any CPU.Build.0 = Release|Any CPU
		{A1822D07-FF39-4E2C-A805-A6C30F9FFF4D}.Debug|Any CPU.ActiveCfg = Debug|Any CPU
		{A1822D07-FF39-4E2C-A805-A6C30F9FFF4D}.Debug|Any CPU.Build.0 = Debug|Any CPU
		{A1822D07-FF39-4E2C-A805-A6C30F9FFF4D}.Release|Any CPU.ActiveCfg = Release|Any CPU
		{A1822D07-FF39-4E2C-A805-A6C30F9FFF4D}.Release|Any CPU.Build.0 = Release|Any CPU
	EndGlobalSection
	GlobalSection(SolutionProperties) = preSolution
		HideSolutionNode = FALSE
	EndGlobalSection
	GlobalSection(NestedProjects) = preSolution
		{F89473F7-DB62-4D73-8214-57A651F5434A} = {257D987B-9C83-4FD8-BD2B-4EFEB74F1FA1}
		{189E7C99-3715-442C-871B-15EC463664A9} = {257D987B-9C83-4FD8-BD2B-4EFEB74F1FA1}
		{A58E2EF3-E1D6-4947-947C-21E9E73E68A2} = {B5A74DC6-B007-43F8-A770-845F6F313939}
		{B5A74DC6-B007-43F8-A770-845F6F313939} = {257D987B-9C83-4FD8-BD2B-4EFEB74F1FA1}
		{37B5EA64-3BE9-478A-9F38-ADDB6FE6F29F} = {257D987B-9C83-4FD8-BD2B-4EFEB74F1FA1}
		{A1822D07-FF39-4E2C-A805-A6C30F9FFF4D} = {37B5EA64-3BE9-478A-9F38-ADDB6FE6F29F}
	EndGlobalSection
	GlobalSection(ExtensibilityGlobals) = postSolution
		SolutionGuid = {F62B1DDC-5318-4B52-B316-0DE94567CD4F}
	EndGlobalSection
EndGlobal
