
Microsoft Visual Studio Solution File, Format Version 12.00
# Visual Studio 15
VisualStudioVersion = 15.0.27703.2026
MinimumVisualStudioVersion = 10.0.40219.1
Project("{9A19103F-16F7-4668-BE54-9A1E7A4F7556}") = "DZzzz.Swag.Generator", "DZzzz.Swag.Generator\DZzzz.Swag.Generator.csproj", "{BBFF17D7-0DBD-457D-A316-EDC29E0F66FD}"
EndProject
Project("{2150E333-8FDC-42A3-9474-1A3956D46DE8}") = "Clients", "Clients", "{354C8EF8-9C52-4F5D-B0BD-A926289DC882}"
EndProject
Project("{2150E333-8FDC-42A3-9474-1A3956D46DE8}") = "Application", "Application", "{EE743D81-BAFD-4AFD-96E4-C093128C4335}"
EndProject
Project("{9A19103F-16F7-4668-BE54-9A1E7A4F7556}") = "DZzzz.Swag.Generator.Core", "DZzzz.Swag.Generator.Core\DZzzz.Swag.Generator.Core.csproj", "{72D0392A-335C-4FA0-8A47-D1E3F001EBD3}"
EndProject
Project("{2150E333-8FDC-42A3-9474-1A3956D46DE8}") = "Providers", "Providers", "{DF491799-6FB3-4FD1-AB9F-432A519257AB}"
EndProject
Project("{2150E333-8FDC-42A3-9474-1A3956D46DE8}") = "CodeGeneration", "CodeGeneration", "{05A48EB4-83BE-4466-84B9-9263DC137B17}"
EndProject
Project("{9A19103F-16F7-4668-BE54-9A1E7A4F7556}") = "DZzzz.Swag.Generator.Console.NetCore", "DZzzz.Swag.Generator.Console.NetCore\DZzzz.Swag.Generator.Console.NetCore.csproj", "{92E0A496-0506-4755-AB3E-30FEC91BF7D8}"
EndProject
Project("{9A19103F-16F7-4668-BE54-9A1E7A4F7556}") = "DZzzz.Swag.Specification.Version12", "DZzzz.Swag.Specification.Version12\DZzzz.Swag.Specification.Version12.csproj", "{1570D73E-79E1-4C06-8AC7-A2DBE5B75A33}"
EndProject
Project("{9A19103F-16F7-4668-BE54-9A1E7A4F7556}") = "DZzzz.Swag.Specification.Version20", "DZzzz.Swag.Specification.Version20\DZzzz.Swag.Specification.Version20.csproj", "{D1A29E57-BCE2-4EF3-B97A-D5891647F51F}"
EndProject
Project("{9A19103F-16F7-4668-BE54-9A1E7A4F7556}") = "DZzzz.Swag.CodeGeneration.CSharp", "DZzzz.Swag.CodeGeneration.CSharp\DZzzz.Swag.CodeGeneration.CSharp.csproj", "{6BE3B5A1-CC45-4E2A-923A-E3C1CBF8DE29}"
EndProject
Project("{2150E333-8FDC-42A3-9474-1A3956D46DE8}") = "Tools", "Tools", "{FF34FB88-C0A7-40AF-AFFF-0EE4B79AECF9}"
EndProject
Project("{9A19103F-16F7-4668-BE54-9A1E7A4F7556}") = "DZzzz.JsonSchemaToCSharp.Tool", "DZzzz.JsonSchemaToCSharp.Tool\DZzzz.JsonSchemaToCSharp.Tool.csproj", "{EDE43FE7-3ACD-4E6D-AECB-D97DB1104107}"
EndProject
Project("{9A19103F-16F7-4668-BE54-9A1E7A4F7556}") = "DZzzz.Swag.Generator.Infrastructure", "DZzzz.Swag.Generator.Infrastructure\DZzzz.Swag.Generator.Infrastructure.csproj", "{5293163D-7499-4604-85F5-0167094B7515}"
EndProject
Project("{9A19103F-16F7-4668-BE54-9A1E7A4F7556}") = "DZzzz.Swag.Specification.Base", "DZzzz.Swag.Specification.Base\DZzzz.Swag.Specification.Base.csproj", "{73639277-2BF1-4DBD-8FA2-2D0254315A2E}"
EndProject
Global
	GlobalSection(SolutionConfigurationPlatforms) = preSolution
		Debug|Any CPU = Debug|Any CPU
		Release|Any CPU = Release|Any CPU
	EndGlobalSection
	GlobalSection(ProjectConfigurationPlatforms) = postSolution
		{BBFF17D7-0DBD-457D-A316-EDC29E0F66FD}.Debug|Any CPU.ActiveCfg = Debug|Any CPU
		{BBFF17D7-0DBD-457D-A316-EDC29E0F66FD}.Debug|Any CPU.Build.0 = Debug|Any CPU
		{BBFF17D7-0DBD-457D-A316-EDC29E0F66FD}.Release|Any CPU.ActiveCfg = Release|Any CPU
		{BBFF17D7-0DBD-457D-A316-EDC29E0F66FD}.Release|Any CPU.Build.0 = Release|Any CPU
		{72D0392A-335C-4FA0-8A47-D1E3F001EBD3}.Debug|Any CPU.ActiveCfg = Debug|Any CPU
		{72D0392A-335C-4FA0-8A47-D1E3F001EBD3}.Debug|Any CPU.Build.0 = Debug|Any CPU
		{72D0392A-335C-4FA0-8A47-D1E3F001EBD3}.Release|Any CPU.ActiveCfg = Release|Any CPU
		{72D0392A-335C-4FA0-8A47-D1E3F001EBD3}.Release|Any CPU.Build.0 = Release|Any CPU
		{92E0A496-0506-4755-AB3E-30FEC91BF7D8}.Debug|Any CPU.ActiveCfg = Debug|Any CPU
		{92E0A496-0506-4755-AB3E-30FEC91BF7D8}.Debug|Any CPU.Build.0 = Debug|Any CPU
		{92E0A496-0506-4755-AB3E-30FEC91BF7D8}.Release|Any CPU.ActiveCfg = Release|Any CPU
		{92E0A496-0506-4755-AB3E-30FEC91BF7D8}.Release|Any CPU.Build.0 = Release|Any CPU
		{1570D73E-79E1-4C06-8AC7-A2DBE5B75A33}.Debug|Any CPU.ActiveCfg = Debug|Any CPU
		{1570D73E-79E1-4C06-8AC7-A2DBE5B75A33}.Debug|Any CPU.Build.0 = Debug|Any CPU
		{1570D73E-79E1-4C06-8AC7-A2DBE5B75A33}.Release|Any CPU.ActiveCfg = Release|Any CPU
		{1570D73E-79E1-4C06-8AC7-A2DBE5B75A33}.Release|Any CPU.Build.0 = Release|Any CPU
		{D1A29E57-BCE2-4EF3-B97A-D5891647F51F}.Debug|Any CPU.ActiveCfg = Debug|Any CPU
		{D1A29E57-BCE2-4EF3-B97A-D5891647F51F}.Debug|Any CPU.Build.0 = Debug|Any CPU
		{D1A29E57-BCE2-4EF3-B97A-D5891647F51F}.Release|Any CPU.ActiveCfg = Release|Any CPU
		{D1A29E57-BCE2-4EF3-B97A-D5891647F51F}.Release|Any CPU.Build.0 = Release|Any CPU
		{6BE3B5A1-CC45-4E2A-923A-E3C1CBF8DE29}.Debug|Any CPU.ActiveCfg = Debug|Any CPU
		{6BE3B5A1-CC45-4E2A-923A-E3C1CBF8DE29}.Debug|Any CPU.Build.0 = Debug|Any CPU
		{6BE3B5A1-CC45-4E2A-923A-E3C1CBF8DE29}.Release|Any CPU.ActiveCfg = Release|Any CPU
		{6BE3B5A1-CC45-4E2A-923A-E3C1CBF8DE29}.Release|Any CPU.Build.0 = Release|Any CPU
		{EDE43FE7-3ACD-4E6D-AECB-D97DB1104107}.Debug|Any CPU.ActiveCfg = Debug|Any CPU
		{EDE43FE7-3ACD-4E6D-AECB-D97DB1104107}.Debug|Any CPU.Build.0 = Debug|Any CPU
		{EDE43FE7-3ACD-4E6D-AECB-D97DB1104107}.Release|Any CPU.ActiveCfg = Release|Any CPU
		{EDE43FE7-3ACD-4E6D-AECB-D97DB1104107}.Release|Any CPU.Build.0 = Release|Any CPU
		{5293163D-7499-4604-85F5-0167094B7515}.Debug|Any CPU.ActiveCfg = Debug|Any CPU
		{5293163D-7499-4604-85F5-0167094B7515}.Debug|Any CPU.Build.0 = Debug|Any CPU
		{5293163D-7499-4604-85F5-0167094B7515}.Release|Any CPU.ActiveCfg = Release|Any CPU
		{5293163D-7499-4604-85F5-0167094B7515}.Release|Any CPU.Build.0 = Release|Any CPU
		{73639277-2BF1-4DBD-8FA2-2D0254315A2E}.Debug|Any CPU.ActiveCfg = Debug|Any CPU
		{73639277-2BF1-4DBD-8FA2-2D0254315A2E}.Debug|Any CPU.Build.0 = Debug|Any CPU
		{73639277-2BF1-4DBD-8FA2-2D0254315A2E}.Release|Any CPU.ActiveCfg = Release|Any CPU
		{73639277-2BF1-4DBD-8FA2-2D0254315A2E}.Release|Any CPU.Build.0 = Release|Any CPU
	EndGlobalSection
	GlobalSection(SolutionProperties) = preSolution
		HideSolutionNode = FALSE
	EndGlobalSection
	GlobalSection(NestedProjects) = preSolution
		{BBFF17D7-0DBD-457D-A316-EDC29E0F66FD} = {EE743D81-BAFD-4AFD-96E4-C093128C4335}
		{72D0392A-335C-4FA0-8A47-D1E3F001EBD3} = {EE743D81-BAFD-4AFD-96E4-C093128C4335}
		{DF491799-6FB3-4FD1-AB9F-432A519257AB} = {EE743D81-BAFD-4AFD-96E4-C093128C4335}
		{05A48EB4-83BE-4466-84B9-9263DC137B17} = {EE743D81-BAFD-4AFD-96E4-C093128C4335}
		{92E0A496-0506-4755-AB3E-30FEC91BF7D8} = {354C8EF8-9C52-4F5D-B0BD-A926289DC882}
		{1570D73E-79E1-4C06-8AC7-A2DBE5B75A33} = {DF491799-6FB3-4FD1-AB9F-432A519257AB}
		{D1A29E57-BCE2-4EF3-B97A-D5891647F51F} = {DF491799-6FB3-4FD1-AB9F-432A519257AB}
		{6BE3B5A1-CC45-4E2A-923A-E3C1CBF8DE29} = {05A48EB4-83BE-4466-84B9-9263DC137B17}
		{EDE43FE7-3ACD-4E6D-AECB-D97DB1104107} = {FF34FB88-C0A7-40AF-AFFF-0EE4B79AECF9}
		{5293163D-7499-4604-85F5-0167094B7515} = {EE743D81-BAFD-4AFD-96E4-C093128C4335}
		{73639277-2BF1-4DBD-8FA2-2D0254315A2E} = {DF491799-6FB3-4FD1-AB9F-432A519257AB}
	EndGlobalSection
	GlobalSection(ExtensibilityGlobals) = postSolution
		SolutionGuid = {280C7B18-5687-4E71-AFEB-51AE41EB4956}
	EndGlobalSection
EndGlobal
